// !$*UTF8*$!
{
	archiveVersion = 1;
	classes = {
	};
	objectVersion = 56;
	objects = {

/* Begin PBXBuildFile section */
		AD858A5B2B6BD83E00044573 /* AppDelegate.swift in Sources */ = {isa = PBXBuildFile; fileRef = AD858A5A2B6BD83E00044573 /* AppDelegate.swift */; };
		AD858A5D2B6BD83E00044573 /* SceneDelegate.swift in Sources */ = {isa = PBXBuildFile; fileRef = AD858A5C2B6BD83E00044573 /* SceneDelegate.swift */; };
		AD858A5F2B6BD83E00044573 /* ViewController.swift in Sources */ = {isa = PBXBuildFile; fileRef = AD858A5E2B6BD83E00044573 /* ViewController.swift */; };
		AD858A622B6BD83E00044573 /* Main.storyboard in Resources */ = {isa = PBXBuildFile; fileRef = AD858A602B6BD83E00044573 /* Main.storyboard */; };
		AD858A642B6BD83F00044573 /* Assets.xcassets in Resources */ = {isa = PBXBuildFile; fileRef = AD858A632B6BD83F00044573 /* Assets.xcassets */; };
		AD858A672B6BD83F00044573 /* LaunchScreen.storyboard in Resources */ = {isa = PBXBuildFile; fileRef = AD858A652B6BD83F00044573 /* LaunchScreen.storyboard */; };
		AD858A6F2B6BDB0000044573 /* DetailViewController.swift in Sources */ = {isa = PBXBuildFile; fileRef = AD858A6E2B6BDB0000044573 /* DetailViewController.swift */; };
		AD858A722B6BDB8C00044573 /* PostModel.swift in Sources */ = {isa = PBXBuildFile; fileRef = AD858A712B6BDB8C00044573 /* PostModel.swift */; };
/* End PBXBuildFile section */

/* Begin PBXFileReference section */
		AD858A572B6BD83E00044573 /* HWS-Milestone-Day-50.app */ = {isa = PBXFileReference; explicitFileType = wrapper.application; includeInIndex = 0; path = "HWS-Milestone-Day-50.app"; sourceTree = BUILT_PRODUCTS_DIR; };
		AD858A5A2B6BD83E00044573 /* AppDelegate.swift */ = {isa = PBXFileReference; lastKnownFileType = sourcecode.swift; path = AppDelegate.swift; sourceTree = "<group>"; };
		AD858A5C2B6BD83E00044573 /* SceneDelegate.swift */ = {isa = PBXFileReference; lastKnownFileType = sourcecode.swift; path = SceneDelegate.swift; sourceTree = "<group>"; };
		AD858A5E2B6BD83E00044573 /* ViewController.swift */ = {isa = PBXFileReference; lastKnownFileType = sourcecode.swift; path = ViewController.swift; sourceTree = "<group>"; };
		AD858A612B6BD83E00044573 /* Base */ = {isa = PBXFileReference; lastKnownFileType = file.storyboard; name = Base; path = Base.lproj/Main.storyboard; sourceTree = "<group>"; };
		AD858A632B6BD83F00044573 /* Assets.xcassets */ = {isa = PBXFileReference; lastKnownFileType = folder.assetcatalog; path = Assets.xcassets; sourceTree = "<group>"; };
		AD858A662B6BD83F00044573 /* Base */ = {isa = PBXFileReference; lastKnownFileType = file.storyboard; name = Base; path = Base.lproj/LaunchScreen.storyboard; sourceTree = "<group>"; };
		AD858A682B6BD83F00044573 /* Info.plist */ = {isa = PBXFileReference; lastKnownFileType = text.plist.xml; path = Info.plist; sourceTree = "<group>"; };
		AD858A6E2B6BDB0000044573 /* DetailViewController.swift */ = {isa = PBXFileReference; lastKnownFileType = sourcecode.swift; path = DetailViewController.swift; sourceTree = "<group>"; };
		AD858A712B6BDB8C00044573 /* PostModel.swift */ = {isa = PBXFileReference; lastKnownFileType = sourcecode.swift; path = PostModel.swift; sourceTree = "<group>"; };
/* End PBXFileReference section */

/* Begin PBXFrameworksBuildPhase section */
		AD858A542B6BD83E00044573 /* Frameworks */ = {
			isa = PBXFrameworksBuildPhase;
			buildActionMask = 2147483647;
			files = (
			);
			runOnlyForDeploymentPostprocessing = 0;
		};
/* End PBXFrameworksBuildPhase section */

/* Begin PBXGroup section */
		AD858A4E2B6BD83D00044573 = {
			isa = PBXGroup;
			children = (
				AD858A592B6BD83E00044573 /* HWS-Milestone-Day-50 */,
				AD858A582B6BD83E00044573 /* Products */,
			);
			sourceTree = "<group>";
		};
		AD858A582B6BD83E00044573 /* Products */ = {
			isa = PBXGroup;
			children = (
				AD858A572B6BD83E00044573 /* HWS-Milestone-Day-50.app */,
			);
			name = Products;
			sourceTree = "<group>";
		};
		AD858A592B6BD83E00044573 /* HWS-Milestone-Day-50 */ = {
			isa = PBXGroup;
			children = (
				AD858A702B6BDB8300044573 /* Model */,
				AD858A5A2B6BD83E00044573 /* AppDelegate.swift */,
				AD858A5C2B6BD83E00044573 /* SceneDelegate.swift */,
				AD858A5E2B6BD83E00044573 /* ViewController.swift */,
				AD858A6E2B6BDB0000044573 /* DetailViewController.swift */,
				AD858A602B6BD83E00044573 /* Main.storyboard */,
				AD858A632B6BD83F00044573 /* Assets.xcassets */,
				AD858A652B6BD83F00044573 /* LaunchScreen.storyboard */,
				AD858A682B6BD83F00044573 /* Info.plist */,
			);
			path = "HWS-Milestone-Day-50";
			sourceTree = "<group>";
		};
		AD858A702B6BDB8300044573 /* Model */ = {
			isa = PBXGroup;
			children = (
				AD858A712B6BDB8C00044573 /* PostModel.swift */,
			);
			path = Model;
			sourceTree = "<group>";
		};
/* End PBXGroup section */

/* Begin PBXNativeTarget section */
		AD858A562B6BD83E00044573 /* HWS-Milestone-Day-50 */ = {
			isa = PBXNativeTarget;
			buildConfigurationList = AD858A6B2B6BD83F00044573 /* Build configuration list for PBXNativeTarget "HWS-Milestone-Day-50" */;
			buildPhases = (
				AD858A532B6BD83E00044573 /* Sources */,
				AD858A542B6BD83E00044573 /* Frameworks */,
				AD858A552B6BD83E00044573 /* Resources */,
			);
			buildRules = (
			);
			dependencies = (
			);
			name = "HWS-Milestone-Day-50";
			productName = "HWS-Milestone-Day-50";
			productReference = AD858A572B6BD83E00044573 /* HWS-Milestone-Day-50.app */;
			productType = "com.apple.product-type.application";
		};
/* End PBXNativeTarget section */

/* Begin PBXProject section */
		AD858A4F2B6BD83D00044573 /* Project object */ = {
			isa = PBXProject;
			attributes = {
				BuildIndependentTargetsInParallel = 1;
				LastSwiftUpdateCheck = 1520;
				LastUpgradeCheck = 1520;
				TargetAttributes = {
					AD858A562B6BD83E00044573 = {
						CreatedOnToolsVersion = 15.2;
					};
				};
			};
			buildConfigurationList = AD858A522B6BD83E00044573 /* Build configuration list for PBXProject "HWS-Milestone-Day-50" */;
			compatibilityVersion = "Xcode 14.0";
			developmentRegion = en;
			hasScannedForEncodings = 0;
			knownRegions = (
				en,
				Base,
			);
			mainGroup = AD858A4E2B6BD83D00044573;
			productRefGroup = AD858A582B6BD83E00044573 /* Products */;
			projectDirPath = "";
			projectRoot = "";
			targets = (
				AD858A562B6BD83E00044573 /* HWS-Milestone-Day-50 */,
			);
		};
/* End PBXProject section */

/* Begin PBXResourcesBuildPhase section */
		AD858A552B6BD83E00044573 /* Resources */ = {
			isa = PBXResourcesBuildPhase;
			buildActionMask = 2147483647;
			files = (
				AD858A672B6BD83F00044573 /* LaunchScreen.storyboard in Resources */,
				AD858A642B6BD83F00044573 /* Assets.xcassets in Resources */,
				AD858A622B6BD83E00044573 /* Main.storyboard in Resources */,
			);
			runOnlyForDeploymentPostprocessing = 0;
		};
/* End PBXResourcesBuildPhase section */

/* Begin PBXSourcesBuildPhase section */
		AD858A532B6BD83E00044573 /* Sources */ = {
			isa = PBXSourcesBuildPhase;
			buildActionMask = 2147483647;
			files = (
				AD858A5F2B6BD83E00044573 /* ViewController.swift in Sources */,
				AD858A722B6BDB8C00044573 /* PostModel.swift in Sources */,
				AD858A5B2B6BD83E00044573 /* AppDelegate.swift in Sources */,
				AD858A5D2B6BD83E00044573 /* SceneDelegate.swift in Sources */,
				AD858A6F2B6BDB0000044573 /* DetailViewController.swift in Sources */,
			);
			runOnlyForDeploymentPostprocessing = 0;
		};
/* End PBXSourcesBuildPhase section */

/* Begin PBXVariantGroup section */
		AD858A602B6BD83E00044573 /* Main.storyboard */ = {
			isa = PBXVariantGroup;
			children = (
				AD858A612B6BD83E00044573 /* Base */,
			);
			name = Main.storyboard;
			sourceTree = "<group>";
		};
		AD858A652B6BD83F00044573 /* LaunchScreen.storyboard */ = {
			isa = PBXVariantGroup;
			children = (
				AD858A662B6BD83F00044573 /* Base */,
			);
			name = LaunchScreen.storyboard;
			sourceTree = "<group>";
		};
/* End PBXVariantGroup section */

/* Begin XCBuildConfiguration section */
		AD858A692B6BD83F00044573 /* Debug */ = {
			isa = XCBuildConfiguration;
			buildSettings = {
				ALWAYS_SEARCH_USER_PATHS = NO;
				ASSETCATALOG_COMPILER_GENERATE_SWIFT_ASSET_SYMBOL_EXTENSIONS = YES;
				CLANG_ANALYZER_NONNULL = YES;
				CLANG_ANALYZER_NUMBER_OBJECT_CONVERSION = YES_AGGRESSIVE;
				CLANG_CXX_LANGUAGE_STANDARD = "gnu++20";
				CLANG_ENABLE_MODULES = YES;
				CLANG_ENABLE_OBJC_ARC = YES;
				CLANG_ENABLE_OBJC_WEAK = YES;
				CLANG_WARN_BLOCK_CAPTURE_AUTORELEASING = YES;
				CLANG_WARN_BOOL_CONVERSION = YES;
				CLANG_WARN_COMMA = YES;
				CLANG_WARN_CONSTANT_CONVERSION = YES;
				CLANG_WARN_DEPRECATED_OBJC_IMPLEMENTATIONS = YES;
				CLANG_WARN_DIRECT_OBJC_ISA_USAGE = YES_ERROR;
				CLANG_WARN_DOCUMENTATION_COMMENTS = YES;
				CLANG_WARN_EMPTY_BODY = YES;
				CLANG_WARN_ENUM_CONVERSION = YES;
				CLANG_WARN_INFINITE_RECURSION = YES;
				CLANG_WARN_INT_CONVERSION = YES;
				CLANG_WARN_NON_LITERAL_NULL_CONVERSION = YES;
				CLANG_WARN_OBJC_IMPLICIT_RETAIN_SELF = YES;
				CLANG_WARN_OBJC_LITERAL_CONVERSION = YES;
				CLANG_WARN_OBJC_ROOT_CLASS = YES_ERROR;
				CLANG_WARN_QUOTED_INCLUDE_IN_FRAMEWORK_HEADER = YES;
				CLANG_WARN_RANGE_LOOP_ANALYSIS = YES;
				CLANG_WARN_STRICT_PROTOTYPES = YES;
				CLANG_WARN_SUSPICIOUS_MOVE = YES;
				CLANG_WARN_UNGUARDED_AVAILABILITY = YES_AGGRESSIVE;
				CLANG_WARN_UNREACHABLE_CODE = YES;
				CLANG_WARN__DUPLICATE_METHOD_MATCH = YES;
				COPY_PHASE_STRIP = NO;
				DEBUG_INFORMATION_FORMAT = dwarf;
				ENABLE_STRICT_OBJC_MSGSEND = YES;
				ENABLE_TESTABILITY = YES;
				ENABLE_USER_SCRIPT_SANDBOXING = YES;
				GCC_C_LANGUAGE_STANDARD = gnu17;
				GCC_DYNAMIC_NO_PIC = NO;
				GCC_NO_COMMON_BLOCKS = YES;
				GCC_OPTIMIZATION_LEVEL = 0;
				GCC_PREPROCESSOR_DEFINITIONS = (
					"DEBUG=1",
					"$(inherited)",
				);
				GCC_WARN_64_TO_32_BIT_CONVERSION = YES;
				GCC_WARN_ABOUT_RETURN_TYPE = YES_ERROR;
				GCC_WARN_UNDECLARED_SELECTOR = YES;
				GCC_WARN_UNINITIALIZED_AUTOS = YES_AGGRESSIVE;
				GCC_WARN_UNUSED_FUNCTION = YES;
				GCC_WARN_UNUSED_VARIABLE = YES;
				IPHONEOS_DEPLOYMENT_TARGET = 17.2;
				LOCALIZATION_PREFERS_STRING_CATALOGS = YES;
				MTL_ENABLE_DEBUG_INFO = INCLUDE_SOURCE;
				MTL_FAST_MATH = YES;
				ONLY_ACTIVE_ARCH = YES;
				SDKROOT = iphoneos;
				SWIFT_ACTIVE_COMPILATION_CONDITIONS = "DEBUG $(inherited)";
				SWIFT_OPTIMIZATION_LEVEL = "-Onone";
			};
			name = Debug;
		};
		AD858A6A2B6BD83F00044573 /* Release */ = {
			isa = XCBuildConfiguration;
			buildSettings = {
				ALWAYS_SEARCH_USER_PATHS = NO;
				ASSETCATALOG_COMPILER_GENERATE_SWIFT_ASSET_SYMBOL_EXTENSIONS = YES;
				CLANG_ANALYZER_NONNULL = YES;
				CLANG_ANALYZER_NUMBER_OBJECT_CONVERSION = YES_AGGRESSIVE;
				CLANG_CXX_LANGUAGE_STANDARD = "gnu++20";
				CLANG_ENABLE_MODULES = YES;
				CLANG_ENABLE_OBJC_ARC = YES;
				CLANG_ENABLE_OBJC_WEAK = YES;
				CLANG_WARN_BLOCK_CAPTURE_AUTORELEASING = YES;
				CLANG_WARN_BOOL_CONVERSION = YES;
				CLANG_WARN_COMMA = YES;
				CLANG_WARN_CONSTANT_CONVERSION = YES;
				CLANG_WARN_DEPRECATED_OBJC_IMPLEMENTATIONS = YES;
				CLANG_WARN_DIRECT_OBJC_ISA_USAGE = YES_ERROR;
				CLANG_WARN_DOCUMENTATION_COMMENTS = YES;
				CLANG_WARN_EMPTY_BODY = YES;
				CLANG_WARN_ENUM_CONVERSION = YES;
				CLANG_WARN_INFINITE_RECURSION = YES;
				CLANG_WARN_INT_CONVERSION = YES;
				CLANG_WARN_NON_LITERAL_NULL_CONVERSION = YES;
				CLANG_WARN_OBJC_IMPLICIT_RETAIN_SELF = YES;
				CLANG_WARN_OBJC_LITERAL_CONVERSION = YES;
				CLANG_WARN_OBJC_ROOT_CLASS = YES_ERROR;
				CLANG_WARN_QUOTED_INCLUDE_IN_FRAMEWORK_HEADER = YES;
				CLANG_WARN_RANGE_LOOP_ANALYSIS = YES;
				CLANG_WARN_STRICT_PROTOTYPES = YES;
				CLANG_WARN_SUSPICIOUS_MOVE = YES;
				CLANG_WARN_UNGUARDED_AVAILABILITY = YES_AGGRESSIVE;
				CLANG_WARN_UNREACHABLE_CODE = YES;
				CLANG_WARN__DUPLICATE_METHOD_MATCH = YES;
				COPY_PHASE_STRIP = NO;
				DEBUG_INFORMATION_FORMAT = "dwarf-with-dsym";
				ENABLE_NS_ASSERTIONS = NO;
				ENABLE_STRICT_OBJC_MSGSEND = YES;
				ENABLE_USER_SCRIPT_SANDBOXING = YES;
				GCC_C_LANGUAGE_STANDARD = gnu17;
				GCC_NO_COMMON_BLOCKS = YES;
				GCC_WARN_64_TO_32_BIT_CONVERSION = YES;
				GCC_WARN_ABOUT_RETURN_TYPE = YES_ERROR;
				GCC_WARN_UNDECLARED_SELECTOR = YES;
				GCC_WARN_UNINITIALIZED_AUTOS = YES_AGGRESSIVE;
				GCC_WARN_UNUSED_FUNCTION = YES;
				GCC_WARN_UNUSED_VARIABLE = YES;
				IPHONEOS_DEPLOYMENT_TARGET = 17.2;
				LOCALIZATION_PREFERS_STRING_CATALOGS = YES;
				MTL_ENABLE_DEBUG_INFO = NO;
				MTL_FAST_MATH = YES;
				SDKROOT = iphoneos;
				SWIFT_COMPILATION_MODE = wholemodule;
				VALIDATE_PRODUCT = YES;
			};
			name = Release;
		};
		AD858A6C2B6BD83F00044573 /* Debug */ = {
			isa = XCBuildConfiguration;
			buildSettings = {
				ASSETCATALOG_COMPILER_APPICON_NAME = AppIcon;
				ASSETCATALOG_COMPILER_GLOBAL_ACCENT_COLOR_NAME = AccentColor;
				CODE_SIGN_STYLE = Automatic;
				CURRENT_PROJECT_VERSION = 1;
				DEVELOPMENT_TEAM = XDB22KM8KS;
				GENERATE_INFOPLIST_FILE = YES;
				INFOPLIST_FILE = "HWS-Milestone-Day-50/Info.plist";
				INFOPLIST_KEY_UIApplicationSupportsIndirectInputEvents = YES;
				INFOPLIST_KEY_UILaunchStoryboardName = LaunchScreen;
				INFOPLIST_KEY_UIMainStoryboardFile = Main;
				INFOPLIST_KEY_UISupportedInterfaceOrientations_iPad = "UIInterfaceOrientationPortrait UIInterfaceOrientationPortraitUpsideDown UIInterfaceOrientationLandscapeLeft UIInterfaceOrientationLandscapeRight";
				INFOPLIST_KEY_UISupportedInterfaceOrientations_iPhone = "UIInterfaceOrientationPortrait UIInterfaceOrientationLandscapeLeft UIInterfaceOrientationLandscapeRight";
				LD_RUNPATH_SEARCH_PATHS = (
					"$(inherited)",
					"@executable_path/Frameworks",
				);
				MARKETING_VERSION = 1.0;
				PRODUCT_BUNDLE_IDENTIFIER = "com.rraccoon.HWS-Milestone-Day-50";
				PRODUCT_NAME = "$(TARGET_NAME)";
				SWIFT_EMIT_LOC_STRINGS = YES;
				SWIFT_VERSION = 5.0;
				TARGETED_DEVICE_FAMILY = "1,2";
			};
			name = Debug;
		};
		AD858A6D2B6BD83F00044573 /* Release */ = {
			isa = XCBuildConfiguration;
			buildSettings = {
				ASSETCATALOG_COMPILER_APPICON_NAME = AppIcon;
				ASSETCATALOG_COMPILER_GLOBAL_ACCENT_COLOR_NAME = AccentColor;
				CODE_SIGN_STYLE = Automatic;
				CURRENT_PROJECT_VERSION = 1;
				DEVELOPMENT_TEAM = XDB22KM8KS;
				GENERATE_INFOPLIST_FILE = YES;
				INFOPLIST_FILE = "HWS-Milestone-Day-50/Info.plist";
				INFOPLIST_KEY_UIApplicationSupportsIndirectInputEvents = YES;
				INFOPLIST_KEY_UILaunchStoryboardName = LaunchScreen;
				INFOPLIST_KEY_UIMainStoryboardFile = Main;
				INFOPLIST_KEY_UISupportedInterfaceOrientations_iPad = "UIInterfaceOrientationPortrait UIInterfaceOrientationPortraitUpsideDown UIInterfaceOrientationLandscapeLeft UIInterfaceOrientationLandscapeRight";
				INFOPLIST_KEY_UISupportedInterfaceOrientations_iPhone = "UIInterfaceOrientationPortrait UIInterfaceOrientationLandscapeLeft UIInterfaceOrientationLandscapeRight";
				LD_RUNPATH_SEARCH_PATHS = (
					"$(inherited)",
					"@executable_path/Frameworks",
				);
				MARKETING_VERSION = 1.0;
				PRODUCT_BUNDLE_IDENTIFIER = "com.rraccoon.HWS-Milestone-Day-50";
				PRODUCT_NAME = "$(TARGET_NAME)";
				SWIFT_EMIT_LOC_STRINGS = YES;
				SWIFT_VERSION = 5.0;
				TARGETED_DEVICE_FAMILY = "1,2";
			};
			name = Release;
		};
/* End XCBuildConfiguration section */

/* Begin XCConfigurationList section */
		AD858A522B6BD83E00044573 /* Build configuration list for PBXProject "HWS-Milestone-Day-50" */ = {
			isa = XCConfigurationList;
			buildConfigurations = (
				AD858A692B6BD83F00044573 /* Debug */,
				AD858A6A2B6BD83F00044573 /* Release */,
			);
			defaultConfigurationIsVisible = 0;
			defaultConfigurationName = Release;
		};
		AD858A6B2B6BD83F00044573 /* Build configuration list for PBXNativeTarget "HWS-Milestone-Day-50" */ = {
			isa = XCConfigurationList;
			buildConfigurations = (
				AD858A6C2B6BD83F00044573 /* Debug */,
				AD858A6D2B6BD83F00044573 /* Release */,
			);
			defaultConfigurationIsVisible = 0;
			defaultConfigurationName = Release;
		};
/* End XCConfigurationList section */
	};
	rootObject = AD858A4F2B6BD83D00044573 /* Project object */;
}
